// !$*UTF8*$!
{
	archiveVersion = 1;
	classes = {
	};
	objectVersion = 56;
	objects = {

/* Begin PBXBuildFile section */
		233260D42977757500771B2A /* LogInView.swift in Sources */ = {isa = PBXBuildFile; fileRef = 233260D32977757500771B2A /* LogInView.swift */; };
		233260D82977759900771B2A /* SignUpView.swift in Sources */ = {isa = PBXBuildFile; fileRef = 233260D72977759900771B2A /* SignUpView.swift */; };
		233260DA297775B700771B2A /* SignOutView.swift in Sources */ = {isa = PBXBuildFile; fileRef = 233260D9297775B700771B2A /* SignOutView.swift */; };
		233260DC297782E900771B2A /* LogInSignUpView.swift in Sources */ = {isa = PBXBuildFile; fileRef = 233260DB297782E900771B2A /* LogInSignUpView.swift */; };
		233260DF2977833600771B2A /* SegmentedPicker in Frameworks */ = {isa = PBXBuildFile; productRef = 233260DE2977833600771B2A /* SegmentedPicker */; };
		233378B82989EA5100294C58 /* ColorPalette.swift in Sources */ = {isa = PBXBuildFile; fileRef = 233378B72989EA5100294C58 /* ColorPalette.swift */; };
		2390497E2977920C0097B20A /* GuideView.swift in Sources */ = {isa = PBXBuildFile; fileRef = 2390497D2977920C0097B20A /* GuideView.swift */; };
		239049802977B9420097B20A /* LogInRootView.swift in Sources */ = {isa = PBXBuildFile; fileRef = 2390497F2977B9420097B20A /* LogInRootView.swift */; };
		239049822977CBBF0097B20A /* WriteCommentView.swift in Sources */ = {isa = PBXBuildFile; fileRef = 239049812977CBBF0097B20A /* WriteCommentView.swift */; };
		23E417F3298959BC0051707E /* ColorPaletteUnderView.swift in Sources */ = {isa = PBXBuildFile; fileRef = 23E417F2298959BC0051707E /* ColorPaletteUnderView.swift */; };
		6115A2C929790EFE00BE740E /* FirebaseStorage in Frameworks */ = {isa = PBXBuildFile; productRef = 6115A2C829790EFE00BE740E /* FirebaseStorage */; };
		61212E5E2978E2DF00D0ED57 /* FirebaseFirestore in Frameworks */ = {isa = PBXBuildFile; productRef = 61212E5D2978E2DF00D0ED57 /* FirebaseFirestore */; };
		61212E602978E30E00D0ED57 /* FirebaseFirestoreSwift in Frameworks */ = {isa = PBXBuildFile; productRef = 61212E5F2978E30E00D0ED57 /* FirebaseFirestoreSwift */; };
		61212E622978E32E00D0ED57 /* GoogleService-Info.plist in Resources */ = {isa = PBXBuildFile; fileRef = 61212E612978E32E00D0ED57 /* GoogleService-Info.plist */; };
		61212E642978E35A00D0ED57 /* SephoraFirebaseView.swift in Sources */ = {isa = PBXBuildFile; fileRef = 61212E632978E35A00D0ED57 /* SephoraFirebaseView.swift */; };
		61212E662978E37200D0ED57 /* APIStore.swift in Sources */ = {isa = PBXBuildFile; fileRef = 61212E652978E37200D0ED57 /* APIStore.swift */; };
		61212E692978E3B100D0ED57 /* LongDescriptionParsing.swift in Sources */ = {isa = PBXBuildFile; fileRef = 61212E682978E3B100D0ED57 /* LongDescriptionParsing.swift */; };
		61212E6C2978E4F600D0ED57 /* SwiftSoup in Frameworks */ = {isa = PBXBuildFile; productRef = 61212E6B2978E4F600D0ED57 /* SwiftSoup */; };
		6174493F29889FD10064BEE8 /* Main.storyboard in Resources */ = {isa = PBXBuildFile; fileRef = 6174493E29889FD00064BEE8 /* Main.storyboard */; };
		617449412988A0190064BEE8 /* MagneticViewcontroller.swift in Sources */ = {isa = PBXBuildFile; fileRef = 617449402988A0190064BEE8 /* MagneticViewcontroller.swift */; };
		617449472988A11E0064BEE8 /* Magnetic in Frameworks */ = {isa = PBXBuildFile; productRef = 617449462988A11E0064BEE8 /* Magnetic */; };
		6189EA0B297A33B0005E6AA9 /* String+.swift in Sources */ = {isa = PBXBuildFile; fileRef = 6189EA0A297A33B0005E6AA9 /* String+.swift */; };
		6189EA0D297A4C07005E6AA9 /* PerfumesGridView.swift in Sources */ = {isa = PBXBuildFile; fileRef = 6189EA0C297A4C07005E6AA9 /* PerfumesGridView.swift */; };
		618F66C72988F5E300A40BC4 /* Magnetic+.swift in Sources */ = {isa = PBXBuildFile; fileRef = 618F66C62988F5E300A40BC4 /* Magnetic+.swift */; };
		618F66C92988F61600A40BC4 /* OnboardingView.swift in Sources */ = {isa = PBXBuildFile; fileRef = 618F66C82988F61600A40BC4 /* OnboardingView.swift */; };
		618F66CB2988F69900A40BC4 /* CGPoint+.swift in Sources */ = {isa = PBXBuildFile; fileRef = 618F66CA2988F69900A40BC4 /* CGPoint+.swift */; };
		618F66CD2988FFF800A40BC4 /* SpinnerViewController.swift in Sources */ = {isa = PBXBuildFile; fileRef = 618F66CC2988FFF800A40BC4 /* SpinnerViewController.swift */; };
		61FE13192977D588003F0466 /* PerfumeDetailView.swift in Sources */ = {isa = PBXBuildFile; fileRef = 61FE13172977D587003F0466 /* PerfumeDetailView.swift */; };
		61FE131A2977D588003F0466 /* PerfumeTabView.swift in Sources */ = {isa = PBXBuildFile; fileRef = 61FE13182977D587003F0466 /* PerfumeTabView.swift */; };
		61FE13212977D7A1003F0466 /* CommentCell.swift in Sources */ = {isa = PBXBuildFile; fileRef = 61FE13202977D7A1003F0466 /* CommentCell.swift */; };
		61FE13232977D7A9003F0466 /* RatingView.swift in Sources */ = {isa = PBXBuildFile; fileRef = 61FE13222977D7A8003F0466 /* RatingView.swift */; };
		61FE13252977DC3F003F0466 /* SearchFilterView.swift in Sources */ = {isa = PBXBuildFile; fileRef = 61FE13242977DC3F003F0466 /* SearchFilterView.swift */; };
		653F875929967D70009AB5BE /* Language.swift in Sources */ = {isa = PBXBuildFile; fileRef = 653F875829967D70009AB5BE /* Language.swift */; };
		6550DD35299A1AFA004AF206 /* ContactUsView.swift in Sources */ = {isa = PBXBuildFile; fileRef = 6550DD34299A1AFA004AF206 /* ContactUsView.swift */; };
		6550DD37299A1B1E004AF206 /* TermsandConditionsView.swift in Sources */ = {isa = PBXBuildFile; fileRef = 6550DD36299A1B1E004AF206 /* TermsandConditionsView.swift */; };
		6550DD39299A1B3B004AF206 /* PrivacyView.swift in Sources */ = {isa = PBXBuildFile; fileRef = 6550DD38299A1B3B004AF206 /* PrivacyView.swift */; };
		656A00E929792E08002E37E6 /* DeleteAccountView.swift in Sources */ = {isa = PBXBuildFile; fileRef = 656A00E829792E08002E37E6 /* DeleteAccountView.swift */; };
		656A00EB29792FFD002E37E6 /* SelectNationView.swift in Sources */ = {isa = PBXBuildFile; fileRef = 656A00EA29792FFD002E37E6 /* SelectNationView.swift */; };
		657A08F92976596900E5B565 /* ToucheFinalApp.swift in Sources */ = {isa = PBXBuildFile; fileRef = 657A08F82976596900E5B565 /* ToucheFinalApp.swift */; };
		657A08FD2976596A00E5B565 /* Assets.xcassets in Resources */ = {isa = PBXBuildFile; fileRef = 657A08FC2976596A00E5B565 /* Assets.xcassets */; };
		657A09002976596A00E5B565 /* Preview Assets.xcassets in Resources */ = {isa = PBXBuildFile; fileRef = 657A08FF2976596A00E5B565 /* Preview Assets.xcassets */; };
		657A090A29765A5500E5B565 /* FirebaseAuth in Frameworks */ = {isa = PBXBuildFile; productRef = 657A090929765A5500E5B565 /* FirebaseAuth */; };
		657A090C29765A5500E5B565 /* FirebaseDatabase in Frameworks */ = {isa = PBXBuildFile; productRef = 657A090B29765A5500E5B565 /* FirebaseDatabase */; };
		657A090E29765A5500E5B565 /* FirebaseDatabaseSwift in Frameworks */ = {isa = PBXBuildFile; productRef = 657A090D29765A5500E5B565 /* FirebaseDatabaseSwift */; };
		657A091329765B7800E5B565 /* GoogleSignIn in Frameworks */ = {isa = PBXBuildFile; productRef = 657A091229765B7800E5B565 /* GoogleSignIn */; };
		657A091529765B7800E5B565 /* GoogleSignInSwift in Frameworks */ = {isa = PBXBuildFile; productRef = 657A091429765B7800E5B565 /* GoogleSignInSwift */; };
		657A091729765BF000E5B565 /* Perfume.swift in Sources */ = {isa = PBXBuildFile; fileRef = 657A091629765BF000E5B565 /* Perfume.swift */; };
		657A091929765CFE00E5B565 /* Comment.swift in Sources */ = {isa = PBXBuildFile; fileRef = 657A091829765CFE00E5B565 /* Comment.swift */; };
		657A091B29765D3D00E5B565 /* UserInfo.swift in Sources */ = {isa = PBXBuildFile; fileRef = 657A091A29765D3D00E5B565 /* UserInfo.swift */; };
		657A091E29765E9000E5B565 /* PerfumeStore.swift in Sources */ = {isa = PBXBuildFile; fileRef = 657A091D29765E9000E5B565 /* PerfumeStore.swift */; };
		657A092029765E9C00E5B565 /* CommentStore.swift in Sources */ = {isa = PBXBuildFile; fileRef = 657A091F29765E9C00E5B565 /* CommentStore.swift */; };
		657A092229765EAC00E5B565 /* UserInfoStore.swift in Sources */ = {isa = PBXBuildFile; fileRef = 657A092129765EAC00E5B565 /* UserInfoStore.swift */; };
		657A092529765EE000E5B565 /* HomeView.swift in Sources */ = {isa = PBXBuildFile; fileRef = 657A092429765EE000E5B565 /* HomeView.swift */; };
		657A092729765F1000E5B565 /* MyPageView.swift in Sources */ = {isa = PBXBuildFile; fileRef = 657A092629765F1000E5B565 /* MyPageView.swift */; };
		658E2E6F2994D42D00F6BA7B /* Info.bundle in Resources */ = {isa = PBXBuildFile; fileRef = 658E2E6E2994D42D00F6BA7B /* Info.bundle */; };
		658E2E7229953F5C00F6BA7B /* Localizable.strings in Resources */ = {isa = PBXBuildFile; fileRef = 658E2E7429953F5C00F6BA7B /* Localizable.strings */; };
		65A7AB3829777E6000DB4860 /* ImagePicker.swift in Sources */ = {isa = PBXBuildFile; fileRef = 65A7AB3729777E6000DB4860 /* ImagePicker.swift */; };
		65A7AB3A2977812700DB4860 /* EditMyProfileView.swift in Sources */ = {isa = PBXBuildFile; fileRef = 65A7AB392977812700DB4860 /* EditMyProfileView.swift */; };
		65A7AB3C2977AFAD00DB4860 /* SettingView.swift in Sources */ = {isa = PBXBuildFile; fileRef = 65A7AB3B2977AFAD00DB4860 /* SettingView.swift */; };
		65C7E5A7298C1371006C54C3 /* CustomNationButton.swift in Sources */ = {isa = PBXBuildFile; fileRef = 65C7E5A6298C1371006C54C3 /* CustomNationButton.swift */; };
		7662ECA92999FA3E0038B3C2 /* CacheAsyncImage.swift in Sources */ = {isa = PBXBuildFile; fileRef = 7662ECA82999FA3E0038B3C2 /* CacheAsyncImage.swift */; };
		7662ECAB299B24D70038B3C2 /* MagazineBanner.swift in Sources */ = {isa = PBXBuildFile; fileRef = 7662ECAA299B24D70038B3C2 /* MagazineBanner.swift */; };
		76A517202994133400075BBD /* MagazineView.swift in Sources */ = {isa = PBXBuildFile; fileRef = 76A5171F2994133400075BBD /* MagazineView.swift */; };
		76BA7516298B4610009B0925 /* Modifier.swift in Sources */ = {isa = PBXBuildFile; fileRef = 76BA7515298B4610009B0925 /* Modifier.swift */; };
		76D6DAC32993F81900EAA5BB /* Magazine.swift in Sources */ = {isa = PBXBuildFile; fileRef = 76D6DABF2993F81900EAA5BB /* Magazine.swift */; };
		76E89AD429948D23006213FE /* MagazineStore.swift in Sources */ = {isa = PBXBuildFile; fileRef = 76E89AD329948D23006213FE /* MagazineStore.swift */; };
		76E89AD62994B9D3006213FE /* TestMagazineUploadView.swift in Sources */ = {isa = PBXBuildFile; fileRef = 76E89AD52994B9D3006213FE /* TestMagazineUploadView.swift */; };
		A8934D3529939F8700BC2A66 /* MoreRecommendPerfumeView.swift in Sources */ = {isa = PBXBuildFile; fileRef = A8934D3429939F8700BC2A66 /* MoreRecommendPerfumeView.swift */; };
		A89E60DB2988CD7500BAB55E /* ColorChipPerfumeCell.swift in Sources */ = {isa = PBXBuildFile; fileRef = A89E60DA2988CD7500BAB55E /* ColorChipPerfumeCell.swift */; };
		A8BAF8DD297A55FD00D1DDCD /* MyPageMyCommentCell.swift in Sources */ = {isa = PBXBuildFile; fileRef = A8BAF8DC297A55FD00D1DDCD /* MyPageMyCommentCell.swift */; };
		A8BAF8DF297A6D1200D1DDCD /* MyCommentListView.swift in Sources */ = {isa = PBXBuildFile; fileRef = A8BAF8DE297A6D1200D1DDCD /* MyCommentListView.swift */; };
		A8BC3270297776C1004EF50C /* SearchView.swift in Sources */ = {isa = PBXBuildFile; fileRef = A8BC326F297776C1004EF50C /* SearchView.swift */; };
		A8BC32722977AB6A004EF50C /* FilteringResultView.swift in Sources */ = {isa = PBXBuildFile; fileRef = A8BC32712977AB6A004EF50C /* FilteringResultView.swift */; };
		A8BC32742977BC09004EF50C /* PerfumeCell.swift in Sources */ = {isa = PBXBuildFile; fileRef = A8BC32732977BC08004EF50C /* PerfumeCell.swift */; };
		A8BC32772977BD95004EF50C /* SDWebImageSwiftUI in Frameworks */ = {isa = PBXBuildFile; productRef = A8BC32762977BD95004EF50C /* SDWebImageSwiftUI */; };
		A8BC32792977BF3E004EF50C /* dummyData.swift in Sources */ = {isa = PBXBuildFile; fileRef = A8BC32782977BF3E004EF50C /* dummyData.swift */; };
		A8DDBB44297939FB003AC935 /* SearchResultView.swift in Sources */ = {isa = PBXBuildFile; fileRef = A8DDBB43297939FB003AC935 /* SearchResultView.swift */; };
		A8EDB1D2298A24E30055D7B9 /* TestAnimationView.swift in Sources */ = {isa = PBXBuildFile; fileRef = A8EDB1D1298A24E30055D7B9 /* TestAnimationView.swift */; };
		AA1B9A7B298C9EAA008817B4 /* HexParsing.swift in Sources */ = {isa = PBXBuildFile; fileRef = AA1B9A7A298C9EAA008817B4 /* HexParsing.swift */; };
		AA204A742987664900C59C7F /* PerfumeColor.swift in Sources */ = {isa = PBXBuildFile; fileRef = AA204A732987664900C59C7F /* PerfumeColor.swift */; };
		AA204A7729876CED00C59C7F /* Color+.swift in Sources */ = {isa = PBXBuildFile; fileRef = AA204A7629876CED00C59C7F /* Color+.swift */; };
		AA204A7929879D8300C59C7F /* FilterView.swift in Sources */ = {isa = PBXBuildFile; fileRef = AA204A7829879D8300C59C7F /* FilterView.swift */; };
		AA239BAB2991CF0400D834C5 /* SearchQuery.swift in Sources */ = {isa = PBXBuildFile; fileRef = AA239BAA2991CF0400D834C5 /* SearchQuery.swift */; };
		AAA5F6EC298BB00B00DA8B09 /* View+.swift in Sources */ = {isa = PBXBuildFile; fileRef = AAA5F6EB298BB00A00DA8B09 /* View+.swift */; };
		E80DF6EA299C923400A28ACF /* RegexTestView.swift in Sources */ = {isa = PBXBuildFile; fileRef = E80DF6E9299C923400A28ACF /* RegexTestView.swift */; };
		E8D9BF41299BD3EB0004ADDF /* TextLimiter.swift in Sources */ = {isa = PBXBuildFile; fileRef = E8D9BF40299BD3EB0004ADDF /* TextLimiter.swift */; };
		E8EA934129877DFD009FAFB4 /* PerfumeDescriptionView.swift in Sources */ = {isa = PBXBuildFile; fileRef = E8EA934029877DFD009FAFB4 /* PerfumeDescriptionView.swift */; };
		EB1E7B652992ACF0001CA2B4 /* AlertToast in Frameworks */ = {isa = PBXBuildFile; productRef = EB1E7B642992ACF0001CA2B4 /* AlertToast */; };
		EB1E7B672992AD1E001CA2B4 /* TESTALERTVIEW.swift in Sources */ = {isa = PBXBuildFile; fileRef = EB1E7B662992AD1E001CA2B4 /* TESTALERTVIEW.swift */; };
		EB5AEDF7297A360000C4F5D8 /* TestView.swift in Sources */ = {isa = PBXBuildFile; fileRef = EB5AEDF6297A360000C4F5D8 /* TestView.swift */; };
		EB7F90D72988B125005C7CFB /* PaletteView.swift in Sources */ = {isa = PBXBuildFile; fileRef = EB7F90D62988B125005C7CFB /* PaletteView.swift */; };
		EB7F90D9298903C5005C7CFB /* ColorChipPerfumeCell.swift in Sources */ = {isa = PBXBuildFile; fileRef = EB7F90D8298903C5005C7CFB /* ColorChipPerfumeCell.swift */; };
		EBB879AA29879FA300167ABA /* PaletteCell.swift in Sources */ = {isa = PBXBuildFile; fileRef = EBB879A929879FA300167ABA /* PaletteCell.swift */; };
/* End PBXBuildFile section */

/* Begin PBXFileReference section */
		233260D32977757500771B2A /* LogInView.swift */ = {isa = PBXFileReference; lastKnownFileType = sourcecode.swift; path = LogInView.swift; sourceTree = "<group>"; };
		233260D72977759900771B2A /* SignUpView.swift */ = {isa = PBXFileReference; lastKnownFileType = sourcecode.swift; path = SignUpView.swift; sourceTree = "<group>"; };
		233260D9297775B700771B2A /* SignOutView.swift */ = {isa = PBXFileReference; lastKnownFileType = sourcecode.swift; path = SignOutView.swift; sourceTree = "<group>"; };
		233260DB297782E900771B2A /* LogInSignUpView.swift */ = {isa = PBXFileReference; lastKnownFileType = sourcecode.swift; path = LogInSignUpView.swift; sourceTree = "<group>"; };
		233378B72989EA5100294C58 /* ColorPalette.swift */ = {isa = PBXFileReference; lastKnownFileType = sourcecode.swift; path = ColorPalette.swift; sourceTree = "<group>"; };
		2390497D2977920C0097B20A /* GuideView.swift */ = {isa = PBXFileReference; lastKnownFileType = sourcecode.swift; path = GuideView.swift; sourceTree = "<group>"; };
		2390497F2977B9420097B20A /* LogInRootView.swift */ = {isa = PBXFileReference; lastKnownFileType = sourcecode.swift; path = LogInRootView.swift; sourceTree = "<group>"; };
		239049812977CBBF0097B20A /* WriteCommentView.swift */ = {isa = PBXFileReference; lastKnownFileType = sourcecode.swift; path = WriteCommentView.swift; sourceTree = "<group>"; };
		23E417F2298959BC0051707E /* ColorPaletteUnderView.swift */ = {isa = PBXFileReference; lastKnownFileType = sourcecode.swift; path = ColorPaletteUnderView.swift; sourceTree = "<group>"; };
		61212E612978E32E00D0ED57 /* GoogleService-Info.plist */ = {isa = PBXFileReference; fileEncoding = 4; lastKnownFileType = text.plist.xml; path = "GoogleService-Info.plist"; sourceTree = "<group>"; };
		61212E632978E35A00D0ED57 /* SephoraFirebaseView.swift */ = {isa = PBXFileReference; lastKnownFileType = sourcecode.swift; path = SephoraFirebaseView.swift; sourceTree = "<group>"; };
		61212E652978E37200D0ED57 /* APIStore.swift */ = {isa = PBXFileReference; lastKnownFileType = sourcecode.swift; path = APIStore.swift; sourceTree = "<group>"; };
		61212E682978E3B100D0ED57 /* LongDescriptionParsing.swift */ = {isa = PBXFileReference; lastKnownFileType = sourcecode.swift; path = LongDescriptionParsing.swift; sourceTree = "<group>"; };
		6174493E29889FD00064BEE8 /* Main.storyboard */ = {isa = PBXFileReference; fileEncoding = 4; lastKnownFileType = file.storyboard; path = Main.storyboard; sourceTree = "<group>"; };
		617449402988A0190064BEE8 /* MagneticViewcontroller.swift */ = {isa = PBXFileReference; lastKnownFileType = sourcecode.swift; path = MagneticViewcontroller.swift; sourceTree = "<group>"; };
		6189EA0A297A33B0005E6AA9 /* String+.swift */ = {isa = PBXFileReference; lastKnownFileType = sourcecode.swift; path = "String+.swift"; sourceTree = "<group>"; };
		6189EA0C297A4C07005E6AA9 /* PerfumesGridView.swift */ = {isa = PBXFileReference; lastKnownFileType = sourcecode.swift; path = PerfumesGridView.swift; sourceTree = "<group>"; };
		618F66C62988F5E300A40BC4 /* Magnetic+.swift */ = {isa = PBXFileReference; lastKnownFileType = sourcecode.swift; path = "Magnetic+.swift"; sourceTree = "<group>"; };
		618F66C82988F61600A40BC4 /* OnboardingView.swift */ = {isa = PBXFileReference; lastKnownFileType = sourcecode.swift; path = OnboardingView.swift; sourceTree = "<group>"; };
		618F66CA2988F69900A40BC4 /* CGPoint+.swift */ = {isa = PBXFileReference; lastKnownFileType = sourcecode.swift; path = "CGPoint+.swift"; sourceTree = "<group>"; };
		618F66CC2988FFF800A40BC4 /* SpinnerViewController.swift */ = {isa = PBXFileReference; lastKnownFileType = sourcecode.swift; path = SpinnerViewController.swift; sourceTree = "<group>"; };
		61FE13172977D587003F0466 /* PerfumeDetailView.swift */ = {isa = PBXFileReference; fileEncoding = 4; lastKnownFileType = sourcecode.swift; path = PerfumeDetailView.swift; sourceTree = "<group>"; };
		61FE13182977D587003F0466 /* PerfumeTabView.swift */ = {isa = PBXFileReference; fileEncoding = 4; lastKnownFileType = sourcecode.swift; path = PerfumeTabView.swift; sourceTree = "<group>"; };
		61FE13202977D7A1003F0466 /* CommentCell.swift */ = {isa = PBXFileReference; fileEncoding = 4; lastKnownFileType = sourcecode.swift; name = CommentCell.swift; path = ToucheFinal/Views/CommentCell.swift; sourceTree = SOURCE_ROOT; };
		61FE13222977D7A8003F0466 /* RatingView.swift */ = {isa = PBXFileReference; fileEncoding = 4; lastKnownFileType = sourcecode.swift; name = RatingView.swift; path = ToucheFinal/Views/RatingView.swift; sourceTree = SOURCE_ROOT; };
		61FE13242977DC3F003F0466 /* SearchFilterView.swift */ = {isa = PBXFileReference; fileEncoding = 4; lastKnownFileType = sourcecode.swift; path = SearchFilterView.swift; sourceTree = "<group>"; };
		653F875829967D70009AB5BE /* Language.swift */ = {isa = PBXFileReference; lastKnownFileType = sourcecode.swift; path = Language.swift; sourceTree = "<group>"; };
		6550DD34299A1AFA004AF206 /* ContactUsView.swift */ = {isa = PBXFileReference; lastKnownFileType = sourcecode.swift; path = ContactUsView.swift; sourceTree = "<group>"; };
		6550DD36299A1B1E004AF206 /* TermsandConditionsView.swift */ = {isa = PBXFileReference; lastKnownFileType = sourcecode.swift; path = TermsandConditionsView.swift; sourceTree = "<group>"; };
		6550DD38299A1B3B004AF206 /* PrivacyView.swift */ = {isa = PBXFileReference; lastKnownFileType = sourcecode.swift; path = PrivacyView.swift; sourceTree = "<group>"; };
		656A00E829792E08002E37E6 /* DeleteAccountView.swift */ = {isa = PBXFileReference; lastKnownFileType = sourcecode.swift; path = DeleteAccountView.swift; sourceTree = "<group>"; };
		656A00EA29792FFD002E37E6 /* SelectNationView.swift */ = {isa = PBXFileReference; lastKnownFileType = sourcecode.swift; path = SelectNationView.swift; sourceTree = "<group>"; };
		656A00EC29795B5B002E37E6 /* Info.plist */ = {isa = PBXFileReference; lastKnownFileType = text.plist; path = Info.plist; sourceTree = "<group>"; };
		657A08F52976596900E5B565 /* ToucheFinal.app */ = {isa = PBXFileReference; explicitFileType = wrapper.application; includeInIndex = 0; path = ToucheFinal.app; sourceTree = BUILT_PRODUCTS_DIR; };
		657A08F82976596900E5B565 /* ToucheFinalApp.swift */ = {isa = PBXFileReference; lastKnownFileType = sourcecode.swift; path = ToucheFinalApp.swift; sourceTree = "<group>"; };
		657A08FC2976596A00E5B565 /* Assets.xcassets */ = {isa = PBXFileReference; lastKnownFileType = folder.assetcatalog; path = Assets.xcassets; sourceTree = "<group>"; };
		657A08FF2976596A00E5B565 /* Preview Assets.xcassets */ = {isa = PBXFileReference; lastKnownFileType = folder.assetcatalog; path = "Preview Assets.xcassets"; sourceTree = "<group>"; };
		657A091629765BF000E5B565 /* Perfume.swift */ = {isa = PBXFileReference; lastKnownFileType = sourcecode.swift; path = Perfume.swift; sourceTree = "<group>"; };
		657A091829765CFE00E5B565 /* Comment.swift */ = {isa = PBXFileReference; lastKnownFileType = sourcecode.swift; path = Comment.swift; sourceTree = "<group>"; };
		657A091A29765D3D00E5B565 /* UserInfo.swift */ = {isa = PBXFileReference; lastKnownFileType = sourcecode.swift; path = UserInfo.swift; sourceTree = "<group>"; };
		657A091D29765E9000E5B565 /* PerfumeStore.swift */ = {isa = PBXFileReference; lastKnownFileType = sourcecode.swift; path = PerfumeStore.swift; sourceTree = "<group>"; };
		657A091F29765E9C00E5B565 /* CommentStore.swift */ = {isa = PBXFileReference; lastKnownFileType = sourcecode.swift; path = CommentStore.swift; sourceTree = "<group>"; };
		657A092129765EAC00E5B565 /* UserInfoStore.swift */ = {isa = PBXFileReference; lastKnownFileType = sourcecode.swift; path = UserInfoStore.swift; sourceTree = "<group>"; };
		657A092429765EE000E5B565 /* HomeView.swift */ = {isa = PBXFileReference; lastKnownFileType = sourcecode.swift; path = HomeView.swift; sourceTree = "<group>"; };
		657A092629765F1000E5B565 /* MyPageView.swift */ = {isa = PBXFileReference; lastKnownFileType = sourcecode.swift; path = MyPageView.swift; sourceTree = "<group>"; };
		658E2E6E2994D42D00F6BA7B /* Info.bundle */ = {isa = PBXFileReference; lastKnownFileType = "wrapper.plug-in"; name = Info.bundle; path = ToucheFinal/Info.bundle; sourceTree = SOURCE_ROOT; };
		658E2E7329953F5C00F6BA7B /* en */ = {isa = PBXFileReference; lastKnownFileType = text.plist.strings; name = en; path = en.lproj/Localizable.strings; sourceTree = "<group>"; };
		658E2E752995403500F6BA7B /* ko */ = {isa = PBXFileReference; lastKnownFileType = text.plist.strings; name = ko; path = ko.lproj/Localizable.strings; sourceTree = "<group>"; };
		65A7AB3729777E6000DB4860 /* ImagePicker.swift */ = {isa = PBXFileReference; fileEncoding = 4; lastKnownFileType = sourcecode.swift; path = ImagePicker.swift; sourceTree = "<group>"; };
		65A7AB392977812700DB4860 /* EditMyProfileView.swift */ = {isa = PBXFileReference; lastKnownFileType = sourcecode.swift; path = EditMyProfileView.swift; sourceTree = "<group>"; };
		65A7AB3B2977AFAD00DB4860 /* SettingView.swift */ = {isa = PBXFileReference; lastKnownFileType = sourcecode.swift; path = SettingView.swift; sourceTree = "<group>"; };
		65C7E5A6298C1371006C54C3 /* CustomNationButton.swift */ = {isa = PBXFileReference; lastKnownFileType = sourcecode.swift; path = CustomNationButton.swift; sourceTree = "<group>"; };
		7662ECA82999FA3E0038B3C2 /* CacheAsyncImage.swift */ = {isa = PBXFileReference; lastKnownFileType = sourcecode.swift; path = CacheAsyncImage.swift; sourceTree = "<group>"; };
		7662ECAA299B24D70038B3C2 /* MagazineBanner.swift */ = {isa = PBXFileReference; lastKnownFileType = sourcecode.swift; path = MagazineBanner.swift; sourceTree = "<group>"; };
		76A5171F2994133400075BBD /* MagazineView.swift */ = {isa = PBXFileReference; fileEncoding = 4; lastKnownFileType = sourcecode.swift; path = MagazineView.swift; sourceTree = "<group>"; };
		76BA7515298B4610009B0925 /* Modifier.swift */ = {isa = PBXFileReference; lastKnownFileType = sourcecode.swift; path = Modifier.swift; sourceTree = "<group>"; };
		76D6DABF2993F81900EAA5BB /* Magazine.swift */ = {isa = PBXFileReference; fileEncoding = 4; lastKnownFileType = sourcecode.swift; path = Magazine.swift; sourceTree = "<group>"; };
		76E89AD329948D23006213FE /* MagazineStore.swift */ = {isa = PBXFileReference; lastKnownFileType = sourcecode.swift; path = MagazineStore.swift; sourceTree = "<group>"; };
		76E89AD52994B9D3006213FE /* TestMagazineUploadView.swift */ = {isa = PBXFileReference; lastKnownFileType = sourcecode.swift; path = TestMagazineUploadView.swift; sourceTree = "<group>"; };
		A8934D3429939F8700BC2A66 /* MoreRecommendPerfumeView.swift */ = {isa = PBXFileReference; lastKnownFileType = sourcecode.swift; path = MoreRecommendPerfumeView.swift; sourceTree = "<group>"; };
		A89E60DA2988CD7500BAB55E /* ColorChipPerfumeCell.swift */ = {isa = PBXFileReference; lastKnownFileType = sourcecode.swift; path = ColorChipPerfumeCell.swift; sourceTree = "<group>"; };
		A8BAF8DC297A55FD00D1DDCD /* MyPageMyCommentCell.swift */ = {isa = PBXFileReference; lastKnownFileType = sourcecode.swift; path = MyPageMyCommentCell.swift; sourceTree = "<group>"; };
		A8BAF8DE297A6D1200D1DDCD /* MyCommentListView.swift */ = {isa = PBXFileReference; lastKnownFileType = sourcecode.swift; path = MyCommentListView.swift; sourceTree = "<group>"; };
		A8BC326F297776C1004EF50C /* SearchView.swift */ = {isa = PBXFileReference; lastKnownFileType = sourcecode.swift; path = SearchView.swift; sourceTree = "<group>"; };
		A8BC32712977AB6A004EF50C /* FilteringResultView.swift */ = {isa = PBXFileReference; lastKnownFileType = sourcecode.swift; path = FilteringResultView.swift; sourceTree = "<group>"; };
		A8BC32732977BC08004EF50C /* PerfumeCell.swift */ = {isa = PBXFileReference; fileEncoding = 4; lastKnownFileType = sourcecode.swift; path = PerfumeCell.swift; sourceTree = "<group>"; };
		A8BC32782977BF3E004EF50C /* dummyData.swift */ = {isa = PBXFileReference; fileEncoding = 4; lastKnownFileType = sourcecode.swift; name = dummyData.swift; path = Views/dummyData.swift; sourceTree = "<group>"; };
		A8DDBB43297939FB003AC935 /* SearchResultView.swift */ = {isa = PBXFileReference; lastKnownFileType = sourcecode.swift; path = SearchResultView.swift; sourceTree = "<group>"; };
		A8EDB1D1298A24E30055D7B9 /* TestAnimationView.swift */ = {isa = PBXFileReference; lastKnownFileType = sourcecode.swift; path = TestAnimationView.swift; sourceTree = "<group>"; };
		AA1B9A7A298C9EAA008817B4 /* HexParsing.swift */ = {isa = PBXFileReference; lastKnownFileType = sourcecode.swift; path = HexParsing.swift; sourceTree = "<group>"; };
		AA204A732987664900C59C7F /* PerfumeColor.swift */ = {isa = PBXFileReference; lastKnownFileType = sourcecode.swift; path = PerfumeColor.swift; sourceTree = "<group>"; };
		AA204A7629876CED00C59C7F /* Color+.swift */ = {isa = PBXFileReference; lastKnownFileType = sourcecode.swift; path = "Color+.swift"; sourceTree = "<group>"; };
		AA204A7829879D8300C59C7F /* FilterView.swift */ = {isa = PBXFileReference; lastKnownFileType = sourcecode.swift; path = FilterView.swift; sourceTree = "<group>"; };
		AA239BAA2991CF0400D834C5 /* SearchQuery.swift */ = {isa = PBXFileReference; lastKnownFileType = sourcecode.swift; path = SearchQuery.swift; sourceTree = "<group>"; };
		AAA5F6EB298BB00A00DA8B09 /* View+.swift */ = {isa = PBXFileReference; lastKnownFileType = sourcecode.swift; path = "View+.swift"; sourceTree = "<group>"; };
		E80DF6E9299C923400A28ACF /* RegexTestView.swift */ = {isa = PBXFileReference; lastKnownFileType = sourcecode.swift; path = RegexTestView.swift; sourceTree = "<group>"; };
		E8D9BF40299BD3EB0004ADDF /* TextLimiter.swift */ = {isa = PBXFileReference; lastKnownFileType = sourcecode.swift; path = TextLimiter.swift; sourceTree = "<group>"; };
		E8EA934029877DFD009FAFB4 /* PerfumeDescriptionView.swift */ = {isa = PBXFileReference; lastKnownFileType = sourcecode.swift; path = PerfumeDescriptionView.swift; sourceTree = "<group>"; };
		EB1E7B662992AD1E001CA2B4 /* TESTALERTVIEW.swift */ = {isa = PBXFileReference; lastKnownFileType = sourcecode.swift; path = TESTALERTVIEW.swift; sourceTree = "<group>"; };
		EB5AEDF6297A360000C4F5D8 /* TestView.swift */ = {isa = PBXFileReference; lastKnownFileType = sourcecode.swift; path = TestView.swift; sourceTree = "<group>"; };
		EB7F90D62988B125005C7CFB /* PaletteView.swift */ = {isa = PBXFileReference; lastKnownFileType = sourcecode.swift; path = PaletteView.swift; sourceTree = "<group>"; };
		EB7F90D8298903C5005C7CFB /* ColorChipPerfumeCell.swift */ = {isa = PBXFileReference; fileEncoding = 4; lastKnownFileType = sourcecode.swift; path = ColorChipPerfumeCell.swift; sourceTree = "<group>"; };
		EBB879A929879FA300167ABA /* PaletteCell.swift */ = {isa = PBXFileReference; lastKnownFileType = sourcecode.swift; path = PaletteCell.swift; sourceTree = "<group>"; };
/* End PBXFileReference section */

/* Begin PBXFrameworksBuildPhase section */
		657A08F22976596900E5B565 /* Frameworks */ = {
			isa = PBXFrameworksBuildPhase;
			buildActionMask = 2147483647;
			files = (
				A8BC32772977BD95004EF50C /* SDWebImageSwiftUI in Frameworks */,
				EB1E7B652992ACF0001CA2B4 /* AlertToast in Frameworks */,
				657A091329765B7800E5B565 /* GoogleSignIn in Frameworks */,
				233260DF2977833600771B2A /* SegmentedPicker in Frameworks */,
				657A090E29765A5500E5B565 /* FirebaseDatabaseSwift in Frameworks */,
				657A091529765B7800E5B565 /* GoogleSignInSwift in Frameworks */,
				61212E5E2978E2DF00D0ED57 /* FirebaseFirestore in Frameworks */,
				657A090C29765A5500E5B565 /* FirebaseDatabase in Frameworks */,
				657A090A29765A5500E5B565 /* FirebaseAuth in Frameworks */,
				617449472988A11E0064BEE8 /* Magnetic in Frameworks */,
				6115A2C929790EFE00BE740E /* FirebaseStorage in Frameworks */,
				61212E602978E30E00D0ED57 /* FirebaseFirestoreSwift in Frameworks */,
				61212E6C2978E4F600D0ED57 /* SwiftSoup in Frameworks */,
			);
			runOnlyForDeploymentPostprocessing = 0;
		};
/* End PBXFrameworksBuildPhase section */

/* Begin PBXGroup section */
		61212E5C2978E2DF00D0ED57 /* Frameworks */ = {
			isa = PBXGroup;
			children = (
			);
			name = Frameworks;
			sourceTree = "<group>";
		};
		61212E672978E39C00D0ED57 /* Util */ = {
			isa = PBXGroup;
			children = (
				61212E682978E3B100D0ED57 /* LongDescriptionParsing.swift */,
				AA1B9A7A298C9EAA008817B4 /* HexParsing.swift */,
				E8D9BF40299BD3EB0004ADDF /* TextLimiter.swift */,
			);
			path = Util;
			sourceTree = "<group>";
		};
		617449442988A02E0064BEE8 /* Onboarding */ = {
			isa = PBXGroup;
			children = (
				6174493E29889FD00064BEE8 /* Main.storyboard */,
				618F66C82988F61600A40BC4 /* OnboardingView.swift */,
				617449402988A0190064BEE8 /* MagneticViewcontroller.swift */,
				618F66CC2988FFF800A40BC4 /* SpinnerViewController.swift */,
			);
			path = Onboarding;
			sourceTree = "<group>";
		};
		61FE131B2977D5B9003F0466 /* Home */ = {
			isa = PBXGroup;
			children = (
				657A092429765EE000E5B565 /* HomeView.swift */,
				7662ECAA299B24D70038B3C2 /* MagazineBanner.swift */,
				A8934D3429939F8700BC2A66 /* MoreRecommendPerfumeView.swift */,
				E8EA934029877DFD009FAFB4 /* PerfumeDescriptionView.swift */,
				A8BC32732977BC08004EF50C /* PerfumeCell.swift */,
				A89E60DA2988CD7500BAB55E /* ColorChipPerfumeCell.swift */,
				61FE13172977D587003F0466 /* PerfumeDetailView.swift */,
				EB7F90D8298903C5005C7CFB /* ColorChipPerfumeCell.swift */,
				239049812977CBBF0097B20A /* WriteCommentView.swift */,
				61FE13202977D7A1003F0466 /* CommentCell.swift */,
				61FE13222977D7A8003F0466 /* RatingView.swift */,
				6189EA0C297A4C07005E6AA9 /* PerfumesGridView.swift */,
				A8EDB1D1298A24E30055D7B9 /* TestAnimationView.swift */,
				76BA7515298B4610009B0925 /* Modifier.swift */,
			);
			path = Home;
			sourceTree = "<group>";
		};
		61FE131C2977D5C1003F0466 /* MyPage */ = {
			isa = PBXGroup;
			children = (
				61FE131E2977D662003F0466 /* Sign */,
				657A092629765F1000E5B565 /* MyPageView.swift */,
				A8BAF8DC297A55FD00D1DDCD /* MyPageMyCommentCell.swift */,
				A8BAF8DE297A6D1200D1DDCD /* MyCommentListView.swift */,
				65A7AB392977812700DB4860 /* EditMyProfileView.swift */,
				E80DF6E9299C923400A28ACF /* RegexTestView.swift */,
				65C7E5A6298C1371006C54C3 /* CustomNationButton.swift */,
				65A7AB3729777E6000DB4860 /* ImagePicker.swift */,
				61FE131F2977D6A3003F0466 /* Setting */,
			);
			path = MyPage;
			sourceTree = "<group>";
		};
		61FE131D2977D5D9003F0466 /* Search */ = {
			isa = PBXGroup;
			children = (
				A8BC326F297776C1004EF50C /* SearchView.swift */,
				AA204A7829879D8300C59C7F /* FilterView.swift */,
				A8DDBB43297939FB003AC935 /* SearchResultView.swift */,
				61FE13242977DC3F003F0466 /* SearchFilterView.swift */,
				A8BC32712977AB6A004EF50C /* FilteringResultView.swift */,
			);
			path = Search;
			sourceTree = "<group>";
		};
		61FE131E2977D662003F0466 /* Sign */ = {
			isa = PBXGroup;
			children = (
				233260D32977757500771B2A /* LogInView.swift */,
				233260D72977759900771B2A /* SignUpView.swift */,
				233260D9297775B700771B2A /* SignOutView.swift */,
				233260DB297782E900771B2A /* LogInSignUpView.swift */,
				2390497F2977B9420097B20A /* LogInRootView.swift */,
				2390497D2977920C0097B20A /* GuideView.swift */,
			);
			path = Sign;
			sourceTree = "<group>";
		};
		61FE131F2977D6A3003F0466 /* Setting */ = {
			isa = PBXGroup;
			children = (
				65A7AB3B2977AFAD00DB4860 /* SettingView.swift */,
				6550DD38299A1B3B004AF206 /* PrivacyView.swift */,
				6550DD36299A1B1E004AF206 /* TermsandConditionsView.swift */,
				6550DD34299A1AFA004AF206 /* ContactUsView.swift */,
				656A00EA29792FFD002E37E6 /* SelectNationView.swift */,
				656A00E829792E08002E37E6 /* DeleteAccountView.swift */,
			);
			path = Setting;
			sourceTree = "<group>";
		};
		657A08EC2976596900E5B565 = {
			isa = PBXGroup;
			children = (
				657A08F72976596900E5B565 /* ToucheFinal */,
				657A08F62976596900E5B565 /* Products */,
				61212E5C2978E2DF00D0ED57 /* Frameworks */,
			);
			sourceTree = "<group>";
		};
		657A08F62976596900E5B565 /* Products */ = {
			isa = PBXGroup;
			children = (
				657A08F52976596900E5B565 /* ToucheFinal.app */,
			);
			name = Products;
			sourceTree = "<group>";
		};
		657A08F72976596900E5B565 /* ToucheFinal */ = {
			isa = PBXGroup;
			children = (
				656A00EC29795B5B002E37E6 /* Info.plist */,
				61212E612978E32E00D0ED57 /* GoogleService-Info.plist */,
				658E2E7429953F5C00F6BA7B /* Localizable.strings */,
				653F875829967D70009AB5BE /* Language.swift */,
				657A08F82976596900E5B565 /* ToucheFinalApp.swift */,
				A8BC32782977BF3E004EF50C /* dummyData.swift */,
				EB1E7B662992AD1E001CA2B4 /* TESTALERTVIEW.swift */,
				658E2E6E2994D42D00F6BA7B /* Info.bundle */,
				AA204A7529876CDE00C59C7F /* Extension */,
				61212E672978E39C00D0ED57 /* Util */,
				657A091C29765E1300E5B565 /* Models */,
				657A092329765EB300E5B565 /* Store */,
				657A092829765F1600E5B565 /* Views */,
				657A08FC2976596A00E5B565 /* Assets.xcassets */,
				657A08FE2976596A00E5B565 /* Preview Content */,
			);
			path = ToucheFinal;
			sourceTree = "<group>";
		};
		657A08FE2976596A00E5B565 /* Preview Content */ = {
			isa = PBXGroup;
			children = (
				657A08FF2976596A00E5B565 /* Preview Assets.xcassets */,
			);
			path = "Preview Content";
			sourceTree = "<group>";
		};
		657A091C29765E1300E5B565 /* Models */ = {
			isa = PBXGroup;
			children = (
				657A091629765BF000E5B565 /* Perfume.swift */,
				657A091829765CFE00E5B565 /* Comment.swift */,
				657A091A29765D3D00E5B565 /* UserInfo.swift */,
				AA204A732987664900C59C7F /* PerfumeColor.swift */,
				AA239BAA2991CF0400D834C5 /* SearchQuery.swift */,
				76D6DABF2993F81900EAA5BB /* Magazine.swift */,
			);
			path = Models;
			sourceTree = "<group>";
		};
		657A092329765EB300E5B565 /* Store */ = {
			isa = PBXGroup;
			children = (
				657A091D29765E9000E5B565 /* PerfumeStore.swift */,
				EB5AEDF6297A360000C4F5D8 /* TestView.swift */,
				657A091F29765E9C00E5B565 /* CommentStore.swift */,
				657A092129765EAC00E5B565 /* UserInfoStore.swift */,
				61212E652978E37200D0ED57 /* APIStore.swift */,
				233378B72989EA5100294C58 /* ColorPalette.swift */,
				76E89AD329948D23006213FE /* MagazineStore.swift */,
			);
			path = Store;
			sourceTree = "<group>";
		};
		657A092829765F1600E5B565 /* Views */ = {
			isa = PBXGroup;
			children = (
				61FE13182977D587003F0466 /* PerfumeTabView.swift */,
				617449442988A02E0064BEE8 /* Onboarding */,
				61FE131B2977D5B9003F0466 /* Home */,
				76D6DABE2993F80D00EAA5BB /* Magazine */,
				61FE131C2977D5C1003F0466 /* MyPage */,
				A885E44D298D1A140096BD3E /* Palette */,
				61FE131D2977D5D9003F0466 /* Search */,
				61212E632978E35A00D0ED57 /* SephoraFirebaseView.swift */,
			);
			path = Views;
			sourceTree = "<group>";
		};
		76D6DABE2993F80D00EAA5BB /* Magazine */ = {
			isa = PBXGroup;
			children = (
				76A5171F2994133400075BBD /* MagazineView.swift */,
				7662ECA82999FA3E0038B3C2 /* CacheAsyncImage.swift */,
				76E89AD52994B9D3006213FE /* TestMagazineUploadView.swift */,
			);
			path = Magazine;
			sourceTree = "<group>";
		};
		A885E44D298D1A140096BD3E /* Palette */ = {
			isa = PBXGroup;
			children = (
				EB7F90D62988B125005C7CFB /* PaletteView.swift */,
				23E417F2298959BC0051707E /* ColorPaletteUnderView.swift */,
				EBB879A929879FA300167ABA /* PaletteCell.swift */,
			);
			path = Palette;
			sourceTree = "<group>";
		};
		AA204A7529876CDE00C59C7F /* Extension */ = {
			isa = PBXGroup;
			children = (
				AA204A7629876CED00C59C7F /* Color+.swift */,
				6189EA0A297A33B0005E6AA9 /* String+.swift */,
				618F66C62988F5E300A40BC4 /* Magnetic+.swift */,
				618F66CA2988F69900A40BC4 /* CGPoint+.swift */,
				AAA5F6EB298BB00A00DA8B09 /* View+.swift */,
			);
			path = Extension;
			sourceTree = "<group>";
		};
/* End PBXGroup section */

/* Begin PBXNativeTarget section */
		657A08F42976596900E5B565 /* ToucheFinal */ = {
			isa = PBXNativeTarget;
			buildConfigurationList = 657A09032976596A00E5B565 /* Build configuration list for PBXNativeTarget "ToucheFinal" */;
			buildPhases = (
				657A08F12976596900E5B565 /* Sources */,
				657A08F22976596900E5B565 /* Frameworks */,
				657A08F32976596900E5B565 /* Resources */,
			);
			buildRules = (
			);
			dependencies = (
			);
			name = ToucheFinal;
			packageProductDependencies = (
				657A090929765A5500E5B565 /* FirebaseAuth */,
				657A090B29765A5500E5B565 /* FirebaseDatabase */,
				657A090D29765A5500E5B565 /* FirebaseDatabaseSwift */,
				657A091229765B7800E5B565 /* GoogleSignIn */,
				657A091429765B7800E5B565 /* GoogleSignInSwift */,
				233260DE2977833600771B2A /* SegmentedPicker */,
				A8BC32762977BD95004EF50C /* SDWebImageSwiftUI */,
				61212E5D2978E2DF00D0ED57 /* FirebaseFirestore */,
				61212E5F2978E30E00D0ED57 /* FirebaseFirestoreSwift */,
				61212E6B2978E4F600D0ED57 /* SwiftSoup */,
				6115A2C829790EFE00BE740E /* FirebaseStorage */,
				617449462988A11E0064BEE8 /* Magnetic */,
				EB1E7B642992ACF0001CA2B4 /* AlertToast */,
			);
			productName = ToucheFinal;
			productReference = 657A08F52976596900E5B565 /* ToucheFinal.app */;
			productType = "com.apple.product-type.application";
		};
/* End PBXNativeTarget section */

/* Begin PBXProject section */
		657A08ED2976596900E5B565 /* Project object */ = {
			isa = PBXProject;
			attributes = {
				BuildIndependentTargetsInParallel = 1;
				LastSwiftUpdateCheck = 1420;
				LastUpgradeCheck = 1420;
				TargetAttributes = {
					657A08F42976596900E5B565 = {
						CreatedOnToolsVersion = 14.2;
					};
				};
			};
			buildConfigurationList = 657A08F02976596900E5B565 /* Build configuration list for PBXProject "ToucheFinal" */;
			compatibilityVersion = "Xcode 14.0";
			developmentRegion = en;
			hasScannedForEncodings = 0;
			knownRegions = (
				en,
				ko,
			);
			mainGroup = 657A08EC2976596900E5B565;
			packageReferences = (
				657A090829765A5500E5B565 /* XCRemoteSwiftPackageReference "firebase-ios-sdk" */,
				657A091129765B7800E5B565 /* XCRemoteSwiftPackageReference "GoogleSignIn-iOS" */,
				233260DD2977833600771B2A /* XCRemoteSwiftPackageReference "SwiftySegmentedPicker" */,
				A8BC32752977BD95004EF50C /* XCRemoteSwiftPackageReference "SDWebImageSwiftUI" */,
				61212E6A2978E4F600D0ED57 /* XCRemoteSwiftPackageReference "SwiftSoup" */,
				617449452988A11E0064BEE8 /* XCRemoteSwiftPackageReference "Magnetic" */,
				EBF6066D2992295200877303 /* XCRemoteSwiftPackageReference "PopupView" */,
				EB1E7B632992ACEF001CA2B4 /* XCRemoteSwiftPackageReference "AlertToast" */,
			);
			productRefGroup = 657A08F62976596900E5B565 /* Products */;
			projectDirPath = "";
			projectRoot = "";
			targets = (
				657A08F42976596900E5B565 /* ToucheFinal */,
			);
		};
/* End PBXProject section */

/* Begin PBXResourcesBuildPhase section */
		657A08F32976596900E5B565 /* Resources */ = {
			isa = PBXResourcesBuildPhase;
			buildActionMask = 2147483647;
			files = (
				657A09002976596A00E5B565 /* Preview Assets.xcassets in Resources */,
				658E2E7229953F5C00F6BA7B /* Localizable.strings in Resources */,
				657A08FD2976596A00E5B565 /* Assets.xcassets in Resources */,
				61212E622978E32E00D0ED57 /* GoogleService-Info.plist in Resources */,
				6174493F29889FD10064BEE8 /* Main.storyboard in Resources */,
				658E2E6F2994D42D00F6BA7B /* Info.bundle in Resources */,
			);
			runOnlyForDeploymentPostprocessing = 0;
		};
/* End PBXResourcesBuildPhase section */

/* Begin PBXSourcesBuildPhase section */
		657A08F12976596900E5B565 /* Sources */ = {
			isa = PBXSourcesBuildPhase;
			buildActionMask = 2147483647;
			files = (
				65C7E5A7298C1371006C54C3 /* CustomNationButton.swift in Sources */,
				657A092529765EE000E5B565 /* HomeView.swift in Sources */,
				6189EA0D297A4C07005E6AA9 /* PerfumesGridView.swift in Sources */,
				A89E60DB2988CD7500BAB55E /* ColorChipPerfumeCell.swift in Sources */,
				A8BC32792977BF3E004EF50C /* dummyData.swift in Sources */,
				EB1E7B672992AD1E001CA2B4 /* TESTALERTVIEW.swift in Sources */,
				618F66CB2988F69900A40BC4 /* CGPoint+.swift in Sources */,
				617449412988A0190064BEE8 /* MagneticViewcontroller.swift in Sources */,
				65A7AB3A2977812700DB4860 /* EditMyProfileView.swift in Sources */,
				61212E642978E35A00D0ED57 /* SephoraFirebaseView.swift in Sources */,
				E8EA934129877DFD009FAFB4 /* PerfumeDescriptionView.swift in Sources */,
				61FE13192977D588003F0466 /* PerfumeDetailView.swift in Sources */,
				E80DF6EA299C923400A28ACF /* RegexTestView.swift in Sources */,
				657A091729765BF000E5B565 /* Perfume.swift in Sources */,
				61FE13252977DC3F003F0466 /* SearchFilterView.swift in Sources */,
				EB7F90D9298903C5005C7CFB /* ColorChipPerfumeCell.swift in Sources */,
				657A091E29765E9000E5B565 /* PerfumeStore.swift in Sources */,
				61212E662978E37200D0ED57 /* APIStore.swift in Sources */,
				6189EA0B297A33B0005E6AA9 /* String+.swift in Sources */,
				61FE131A2977D588003F0466 /* PerfumeTabView.swift in Sources */,
				AA204A7929879D8300C59C7F /* FilterView.swift in Sources */,
				233260DC297782E900771B2A /* LogInSignUpView.swift in Sources */,
				653F875929967D70009AB5BE /* Language.swift in Sources */,
				6550DD39299A1B3B004AF206 /* PrivacyView.swift in Sources */,
				A8BAF8DF297A6D1200D1DDCD /* MyCommentListView.swift in Sources */,
				233260D82977759900771B2A /* SignUpView.swift in Sources */,
				76E89AD429948D23006213FE /* MagazineStore.swift in Sources */,
				618F66CD2988FFF800A40BC4 /* SpinnerViewController.swift in Sources */,
				76D6DAC32993F81900EAA5BB /* Magazine.swift in Sources */,
				76BA7516298B4610009B0925 /* Modifier.swift in Sources */,
				239049802977B9420097B20A /* LogInRootView.swift in Sources */,
				AA204A742987664900C59C7F /* PerfumeColor.swift in Sources */,
				EB7F90D72988B125005C7CFB /* PaletteView.swift in Sources */,
				656A00E929792E08002E37E6 /* DeleteAccountView.swift in Sources */,
				657A08F92976596900E5B565 /* ToucheFinalApp.swift in Sources */,
				7662ECA92999FA3E0038B3C2 /* CacheAsyncImage.swift in Sources */,
				6550DD35299A1AFA004AF206 /* ContactUsView.swift in Sources */,
				657A091B29765D3D00E5B565 /* UserInfo.swift in Sources */,
				A8EDB1D2298A24E30055D7B9 /* TestAnimationView.swift in Sources */,
				657A092029765E9C00E5B565 /* CommentStore.swift in Sources */,
				AA239BAB2991CF0400D834C5 /* SearchQuery.swift in Sources */,
				61FE13212977D7A1003F0466 /* CommentCell.swift in Sources */,
				2390497E2977920C0097B20A /* GuideView.swift in Sources */,
				A8BAF8DD297A55FD00D1DDCD /* MyPageMyCommentCell.swift in Sources */,
				233260DA297775B700771B2A /* SignOutView.swift in Sources */,
				618F66C72988F5E300A40BC4 /* Magnetic+.swift in Sources */,
				65A7AB3C2977AFAD00DB4860 /* SettingView.swift in Sources */,
				65A7AB3829777E6000DB4860 /* ImagePicker.swift in Sources */,
				EBB879AA29879FA300167ABA /* PaletteCell.swift in Sources */,
				E8D9BF41299BD3EB0004ADDF /* TextLimiter.swift in Sources */,
				657A092729765F1000E5B565 /* MyPageView.swift in Sources */,
				EB5AEDF7297A360000C4F5D8 /* TestView.swift in Sources */,
				239049822977CBBF0097B20A /* WriteCommentView.swift in Sources */,
				233260D42977757500771B2A /* LogInView.swift in Sources */,
				657A092229765EAC00E5B565 /* UserInfoStore.swift in Sources */,
				618F66C92988F61600A40BC4 /* OnboardingView.swift in Sources */,
				656A00EB29792FFD002E37E6 /* SelectNationView.swift in Sources */,
				A8BC32742977BC09004EF50C /* PerfumeCell.swift in Sources */,
				76A517202994133400075BBD /* MagazineView.swift in Sources */,
				657A091929765CFE00E5B565 /* Comment.swift in Sources */,
				A8DDBB44297939FB003AC935 /* SearchResultView.swift in Sources */,
				6550DD37299A1B1E004AF206 /* TermsandConditionsView.swift in Sources */,
				AAA5F6EC298BB00B00DA8B09 /* View+.swift in Sources */,
				233378B82989EA5100294C58 /* ColorPalette.swift in Sources */,
				AA1B9A7B298C9EAA008817B4 /* HexParsing.swift in Sources */,
				A8BC32722977AB6A004EF50C /* FilteringResultView.swift in Sources */,
				A8BC3270297776C1004EF50C /* SearchView.swift in Sources */,
				A8934D3529939F8700BC2A66 /* MoreRecommendPerfumeView.swift in Sources */,
				AA204A7729876CED00C59C7F /* Color+.swift in Sources */,
				23E417F3298959BC0051707E /* ColorPaletteUnderView.swift in Sources */,
				61FE13232977D7A9003F0466 /* RatingView.swift in Sources */,
				76E89AD62994B9D3006213FE /* TestMagazineUploadView.swift in Sources */,
				7662ECAB299B24D70038B3C2 /* MagazineBanner.swift in Sources */,
				61212E692978E3B100D0ED57 /* LongDescriptionParsing.swift in Sources */,
			);
			runOnlyForDeploymentPostprocessing = 0;
		};
/* End PBXSourcesBuildPhase section */

/* Begin PBXVariantGroup section */
		658E2E7429953F5C00F6BA7B /* Localizable.strings */ = {
			isa = PBXVariantGroup;
			children = (
				658E2E7329953F5C00F6BA7B /* en */,
				658E2E752995403500F6BA7B /* ko */,
			);
			name = Localizable.strings;
			sourceTree = "<group>";
		};
/* End PBXVariantGroup section */

/* Begin XCBuildConfiguration section */
		657A09012976596A00E5B565 /* Debug */ = {
			isa = XCBuildConfiguration;
			buildSettings = {
				ALWAYS_SEARCH_USER_PATHS = NO;
				CLANG_ANALYZER_LOCALIZABILITY_NONLOCALIZED = YES;
				CLANG_ANALYZER_NONNULL = YES;
				CLANG_ANALYZER_NUMBER_OBJECT_CONVERSION = YES_AGGRESSIVE;
				CLANG_CXX_LANGUAGE_STANDARD = "gnu++20";
				CLANG_ENABLE_MODULES = YES;
				CLANG_ENABLE_OBJC_ARC = YES;
				CLANG_ENABLE_OBJC_WEAK = YES;
				CLANG_WARN_BLOCK_CAPTURE_AUTORELEASING = YES;
				CLANG_WARN_BOOL_CONVERSION = YES;
				CLANG_WARN_COMMA = YES;
				CLANG_WARN_CONSTANT_CONVERSION = YES;
				CLANG_WARN_DEPRECATED_OBJC_IMPLEMENTATIONS = YES;
				CLANG_WARN_DIRECT_OBJC_ISA_USAGE = YES_ERROR;
				CLANG_WARN_DOCUMENTATION_COMMENTS = YES;
				CLANG_WARN_EMPTY_BODY = YES;
				CLANG_WARN_ENUM_CONVERSION = YES;
				CLANG_WARN_INFINITE_RECURSION = YES;
				CLANG_WARN_INT_CONVERSION = YES;
				CLANG_WARN_NON_LITERAL_NULL_CONVERSION = YES;
				CLANG_WARN_OBJC_IMPLICIT_RETAIN_SELF = YES;
				CLANG_WARN_OBJC_LITERAL_CONVERSION = YES;
				CLANG_WARN_OBJC_ROOT_CLASS = YES_ERROR;
				CLANG_WARN_QUOTED_INCLUDE_IN_FRAMEWORK_HEADER = YES;
				CLANG_WARN_RANGE_LOOP_ANALYSIS = YES;
				CLANG_WARN_STRICT_PROTOTYPES = YES;
				CLANG_WARN_SUSPICIOUS_MOVE = YES;
				CLANG_WARN_UNGUARDED_AVAILABILITY = YES_AGGRESSIVE;
				CLANG_WARN_UNREACHABLE_CODE = YES;
				CLANG_WARN__DUPLICATE_METHOD_MATCH = YES;
				COPY_PHASE_STRIP = NO;
				DEBUG_INFORMATION_FORMAT = dwarf;
				ENABLE_STRICT_OBJC_MSGSEND = YES;
				ENABLE_TESTABILITY = YES;
				GCC_C_LANGUAGE_STANDARD = gnu11;
				GCC_DYNAMIC_NO_PIC = NO;
				GCC_NO_COMMON_BLOCKS = YES;
				GCC_OPTIMIZATION_LEVEL = 0;
				GCC_PREPROCESSOR_DEFINITIONS = (
					"DEBUG=1",
					"$(inherited)",
				);
				GCC_WARN_64_TO_32_BIT_CONVERSION = YES;
				GCC_WARN_ABOUT_RETURN_TYPE = YES_ERROR;
				GCC_WARN_UNDECLARED_SELECTOR = YES;
				GCC_WARN_UNINITIALIZED_AUTOS = YES_AGGRESSIVE;
				GCC_WARN_UNUSED_FUNCTION = YES;
				GCC_WARN_UNUSED_VARIABLE = YES;
				INFOPLIST_KEY_CFBundleDisplayName = Touche;
				IPHONEOS_DEPLOYMENT_TARGET = 16.2;
				MTL_ENABLE_DEBUG_INFO = INCLUDE_SOURCE;
				MTL_FAST_MATH = YES;
				ONLY_ACTIVE_ARCH = YES;
				SDKROOT = iphoneos;
				SWIFT_ACTIVE_COMPILATION_CONDITIONS = DEBUG;
				SWIFT_OPTIMIZATION_LEVEL = "-Onone";
			};
			name = Debug;
		};
		657A09022976596A00E5B565 /* Release */ = {
			isa = XCBuildConfiguration;
			buildSettings = {
				ALWAYS_SEARCH_USER_PATHS = NO;
				CLANG_ANALYZER_LOCALIZABILITY_NONLOCALIZED = YES;
				CLANG_ANALYZER_NONNULL = YES;
				CLANG_ANALYZER_NUMBER_OBJECT_CONVERSION = YES_AGGRESSIVE;
				CLANG_CXX_LANGUAGE_STANDARD = "gnu++20";
				CLANG_ENABLE_MODULES = YES;
				CLANG_ENABLE_OBJC_ARC = YES;
				CLANG_ENABLE_OBJC_WEAK = YES;
				CLANG_WARN_BLOCK_CAPTURE_AUTORELEASING = YES;
				CLANG_WARN_BOOL_CONVERSION = YES;
				CLANG_WARN_COMMA = YES;
				CLANG_WARN_CONSTANT_CONVERSION = YES;
				CLANG_WARN_DEPRECATED_OBJC_IMPLEMENTATIONS = YES;
				CLANG_WARN_DIRECT_OBJC_ISA_USAGE = YES_ERROR;
				CLANG_WARN_DOCUMENTATION_COMMENTS = YES;
				CLANG_WARN_EMPTY_BODY = YES;
				CLANG_WARN_ENUM_CONVERSION = YES;
				CLANG_WARN_INFINITE_RECURSION = YES;
				CLANG_WARN_INT_CONVERSION = YES;
				CLANG_WARN_NON_LITERAL_NULL_CONVERSION = YES;
				CLANG_WARN_OBJC_IMPLICIT_RETAIN_SELF = YES;
				CLANG_WARN_OBJC_LITERAL_CONVERSION = YES;
				CLANG_WARN_OBJC_ROOT_CLASS = YES_ERROR;
				CLANG_WARN_QUOTED_INCLUDE_IN_FRAMEWORK_HEADER = YES;
				CLANG_WARN_RANGE_LOOP_ANALYSIS = YES;
				CLANG_WARN_STRICT_PROTOTYPES = YES;
				CLANG_WARN_SUSPICIOUS_MOVE = YES;
				CLANG_WARN_UNGUARDED_AVAILABILITY = YES_AGGRESSIVE;
				CLANG_WARN_UNREACHABLE_CODE = YES;
				CLANG_WARN__DUPLICATE_METHOD_MATCH = YES;
				COPY_PHASE_STRIP = NO;
				DEBUG_INFORMATION_FORMAT = "dwarf-with-dsym";
				ENABLE_NS_ASSERTIONS = NO;
				ENABLE_STRICT_OBJC_MSGSEND = YES;
				GCC_C_LANGUAGE_STANDARD = gnu11;
				GCC_NO_COMMON_BLOCKS = YES;
				GCC_WARN_64_TO_32_BIT_CONVERSION = YES;
				GCC_WARN_ABOUT_RETURN_TYPE = YES_ERROR;
				GCC_WARN_UNDECLARED_SELECTOR = YES;
				GCC_WARN_UNINITIALIZED_AUTOS = YES_AGGRESSIVE;
				GCC_WARN_UNUSED_FUNCTION = YES;
				GCC_WARN_UNUSED_VARIABLE = YES;
				INFOPLIST_KEY_CFBundleDisplayName = Touche;
				IPHONEOS_DEPLOYMENT_TARGET = 16.2;
				MTL_ENABLE_DEBUG_INFO = NO;
				MTL_FAST_MATH = YES;
				SDKROOT = iphoneos;
				SWIFT_COMPILATION_MODE = wholemodule;
				SWIFT_OPTIMIZATION_LEVEL = "-O";
				VALIDATE_PRODUCT = YES;
			};
			name = Release;
		};
		657A09042976596A00E5B565 /* Debug */ = {
			isa = XCBuildConfiguration;
			buildSettings = {
				ASSETCATALOG_COMPILER_APPICON_NAME = AppIcon;
				ASSETCATALOG_COMPILER_GLOBAL_ACCENT_COLOR_NAME = AccentColor;
				CODE_SIGN_STYLE = Automatic;
				CURRENT_PROJECT_VERSION = 1;
				DEVELOPMENT_ASSET_PATHS = "\"ToucheFinal/Preview Content\"";
				DEVELOPMENT_TEAM = 249UL743C2;
				ENABLE_PREVIEWS = YES;
				GENERATE_INFOPLIST_FILE = YES;
				INFOPLIST_FILE = ToucheFinal/Info.plist;
				INFOPLIST_KEY_CFBundleDisplayName = Touche;
				INFOPLIST_KEY_NSCameraUsageDescription = "Album permissions to save videos";
				INFOPLIST_KEY_NSPhotoLibraryUsageDescription = "Camera permissions for taking photos and videos";
				INFOPLIST_KEY_UIApplicationSceneManifest_Generation = YES;
				INFOPLIST_KEY_UIApplicationSupportsIndirectInputEvents = YES;
				INFOPLIST_KEY_UILaunchScreen_Generation = YES;
				INFOPLIST_KEY_UISupportedInterfaceOrientations_iPad = "UIInterfaceOrientationPortrait UIInterfaceOrientationPortraitUpsideDown UIInterfaceOrientationLandscapeLeft UIInterfaceOrientationLandscapeRight";
				INFOPLIST_KEY_UISupportedInterfaceOrientations_iPhone = "UIInterfaceOrientationPortrait UIInterfaceOrientationLandscapeLeft UIInterfaceOrientationLandscapeRight";
				IPHONEOS_DEPLOYMENT_TARGET = 16.0;
				LD_RUNPATH_SEARCH_PATHS = (
					"$(inherited)",
					"@executable_path/Frameworks",
				);
				MARKETING_VERSION = 1.0;
				PRODUCT_BUNDLE_IDENTIFIER = com.codelion.ToucheFinal;
				PRODUCT_NAME = "$(TARGET_NAME)";
				SWIFT_EMIT_LOC_STRINGS = YES;
				SWIFT_VERSION = 5.0;
				TARGETED_DEVICE_FAMILY = "1,2";
			};
			name = Debug;
		};
		657A09052976596A00E5B565 /* Release */ = {
			isa = XCBuildConfiguration;
			buildSettings = {
				ASSETCATALOG_COMPILER_APPICON_NAME = AppIcon;
				ASSETCATALOG_COMPILER_GLOBAL_ACCENT_COLOR_NAME = AccentColor;
				CODE_SIGN_STYLE = Automatic;
				CURRENT_PROJECT_VERSION = 1;
				DEVELOPMENT_ASSET_PATHS = "\"ToucheFinal/Preview Content\"";
				DEVELOPMENT_TEAM = 249UL743C2;
				ENABLE_PREVIEWS = YES;
				GENERATE_INFOPLIST_FILE = YES;
				INFOPLIST_FILE = ToucheFinal/Info.plist;
				INFOPLIST_KEY_CFBundleDisplayName = Touche;
				INFOPLIST_KEY_NSCameraUsageDescription = "Album permissions to save videos";
				INFOPLIST_KEY_NSPhotoLibraryUsageDescription = "Camera permissions for taking photos and videos";
				INFOPLIST_KEY_UIApplicationSceneManifest_Generation = YES;
				INFOPLIST_KEY_UIApplicationSupportsIndirectInputEvents = YES;
				INFOPLIST_KEY_UILaunchScreen_Generation = YES;
				INFOPLIST_KEY_UISupportedInterfaceOrientations_iPad = "UIInterfaceOrientationPortrait UIInterfaceOrientationPortraitUpsideDown UIInterfaceOrientationLandscapeLeft UIInterfaceOrientationLandscapeRight";
				INFOPLIST_KEY_UISupportedInterfaceOrientations_iPhone = "UIInterfaceOrientationPortrait UIInterfaceOrientationLandscapeLeft UIInterfaceOrientationLandscapeRight";
				IPHONEOS_DEPLOYMENT_TARGET = 16.0;
				LD_RUNPATH_SEARCH_PATHS = (
					"$(inherited)",
					"@executable_path/Frameworks",
				);
				MARKETING_VERSION = 1.0;
				PRODUCT_BUNDLE_IDENTIFIER = com.codelion.ToucheFinal;
				PRODUCT_NAME = "$(TARGET_NAME)";
				SWIFT_EMIT_LOC_STRINGS = YES;
				SWIFT_VERSION = 5.0;
				TARGETED_DEVICE_FAMILY = "1,2";
			};
			name = Release;
		};
/* End XCBuildConfiguration section */

/* Begin XCConfigurationList section */
		657A08F02976596900E5B565 /* Build configuration list for PBXProject "ToucheFinal" */ = {
			isa = XCConfigurationList;
			buildConfigurations = (
				657A09012976596A00E5B565 /* Debug */,
				657A09022976596A00E5B565 /* Release */,
			);
			defaultConfigurationIsVisible = 0;
			defaultConfigurationName = Release;
		};
		657A09032976596A00E5B565 /* Build configuration list for PBXNativeTarget "ToucheFinal" */ = {
			isa = XCConfigurationList;
			buildConfigurations = (
				657A09042976596A00E5B565 /* Debug */,
				657A09052976596A00E5B565 /* Release */,
			);
			defaultConfigurationIsVisible = 0;
			defaultConfigurationName = Release;
		};
/* End XCConfigurationList section */

/* Begin XCRemoteSwiftPackageReference section */
		233260DD2977833600771B2A /* XCRemoteSwiftPackageReference "SwiftySegmentedPicker" */ = {
			isa = XCRemoteSwiftPackageReference;
			repositoryURL = "https://github.com/KazaiMazai/SwiftySegmentedPicker.git";
			requirement = {
				branch = main;
				kind = branch;
			};
		};
		61212E6A2978E4F600D0ED57 /* XCRemoteSwiftPackageReference "SwiftSoup" */ = {
			isa = XCRemoteSwiftPackageReference;
			repositoryURL = "https://github.com/scinfu/SwiftSoup";
			requirement = {
				branch = master;
				kind = branch;
			};
		};
		617449452988A11E0064BEE8 /* XCRemoteSwiftPackageReference "Magnetic" */ = {
			isa = XCRemoteSwiftPackageReference;
			repositoryURL = "https://github.com/efremidze/Magnetic";
			requirement = {
				branch = master;
				kind = branch;
			};
		};
		657A090829765A5500E5B565 /* XCRemoteSwiftPackageReference "firebase-ios-sdk" */ = {
			isa = XCRemoteSwiftPackageReference;
			repositoryURL = "https://github.com/firebase/firebase-ios-sdk";
			requirement = {
				kind = upToNextMajorVersion;
				minimumVersion = 9.0.0;
			};
		};
		657A091129765B7800E5B565 /* XCRemoteSwiftPackageReference "GoogleSignIn-iOS" */ = {
			isa = XCRemoteSwiftPackageReference;
			repositoryURL = "https://github.com/google/GoogleSignIn-iOS";
			requirement = {
				kind = upToNextMajorVersion;
				minimumVersion = 6.2.4;
			};
		};
		A8BC32752977BD95004EF50C /* XCRemoteSwiftPackageReference "SDWebImageSwiftUI" */ = {
			isa = XCRemoteSwiftPackageReference;
			repositoryURL = "https://github.com/SDWebImage/SDWebImageSwiftUI.git";
			requirement = {
				kind = upToNextMajorVersion;
				minimumVersion = 2.0.0;
			};
		};
		EB1E7B632992ACEF001CA2B4 /* XCRemoteSwiftPackageReference "AlertToast" */ = {
			isa = XCRemoteSwiftPackageReference;
			repositoryURL = "https://github.com/elai950/AlertToast.git";
			requirement = {
				branch = master;
				kind = branch;
			};
		};
		EBF6066D2992295200877303 /* XCRemoteSwiftPackageReference "PopupView" */ = {
			isa = XCRemoteSwiftPackageReference;
			repositoryURL = "https://github.com/exyte/PopupView";
			requirement = {
				branch = master;
				kind = branch;
			};
		};
/* End XCRemoteSwiftPackageReference section */

/* Begin XCSwiftPackageProductDependency section */
		233260DE2977833600771B2A /* SegmentedPicker */ = {
			isa = XCSwiftPackageProductDependency;
			package = 233260DD2977833600771B2A /* XCRemoteSwiftPackageReference "SwiftySegmentedPicker" */;
			productName = SegmentedPicker;
		};
		6115A2C829790EFE00BE740E /* FirebaseStorage */ = {
			isa = XCSwiftPackageProductDependency;
			package = 657A090829765A5500E5B565 /* XCRemoteSwiftPackageReference "firebase-ios-sdk" */;
			productName = FirebaseStorage;
		};
		61212E5D2978E2DF00D0ED57 /* FirebaseFirestore */ = {
			isa = XCSwiftPackageProductDependency;
			package = 657A090829765A5500E5B565 /* XCRemoteSwiftPackageReference "firebase-ios-sdk" */;
			productName = FirebaseFirestore;
		};
		61212E5F2978E30E00D0ED57 /* FirebaseFirestoreSwift */ = {
			isa = XCSwiftPackageProductDependency;
			package = 657A090829765A5500E5B565 /* XCRemoteSwiftPackageReference "firebase-ios-sdk" */;
			productName = FirebaseFirestoreSwift;
		};
		61212E6B2978E4F600D0ED57 /* SwiftSoup */ = {
			isa = XCSwiftPackageProductDependency;
			package = 61212E6A2978E4F600D0ED57 /* XCRemoteSwiftPackageReference "SwiftSoup" */;
			productName = SwiftSoup;
		};
		617449462988A11E0064BEE8 /* Magnetic */ = {
			isa = XCSwiftPackageProductDependency;
			package = 617449452988A11E0064BEE8 /* XCRemoteSwiftPackageReference "Magnetic" */;
			productName = Magnetic;
		};
		657A090929765A5500E5B565 /* FirebaseAuth */ = {
			isa = XCSwiftPackageProductDependency;
			package = 657A090829765A5500E5B565 /* XCRemoteSwiftPackageReference "firebase-ios-sdk" */;
			productName = FirebaseAuth;
		};
		657A090B29765A5500E5B565 /* FirebaseDatabase */ = {
			isa = XCSwiftPackageProductDependency;
			package = 657A090829765A5500E5B565 /* XCRemoteSwiftPackageReference "firebase-ios-sdk" */;
			productName = FirebaseDatabase;
		};
		657A090D29765A5500E5B565 /* FirebaseDatabaseSwift */ = {
			isa = XCSwiftPackageProductDependency;
			package = 657A090829765A5500E5B565 /* XCRemoteSwiftPackageReference "firebase-ios-sdk" */;
			productName = FirebaseDatabaseSwift;
		};
		657A091229765B7800E5B565 /* GoogleSignIn */ = {
			isa = XCSwiftPackageProductDependency;
			package = 657A091129765B7800E5B565 /* XCRemoteSwiftPackageReference "GoogleSignIn-iOS" */;
			productName = GoogleSignIn;
		};
		657A091429765B7800E5B565 /* GoogleSignInSwift */ = {
			isa = XCSwiftPackageProductDependency;
			package = 657A091129765B7800E5B565 /* XCRemoteSwiftPackageReference "GoogleSignIn-iOS" */;
			productName = GoogleSignInSwift;
		};
		A8BC32762977BD95004EF50C /* SDWebImageSwiftUI */ = {
			isa = XCSwiftPackageProductDependency;
			package = A8BC32752977BD95004EF50C /* XCRemoteSwiftPackageReference "SDWebImageSwiftUI" */;
			productName = SDWebImageSwiftUI;
		};
		EB1E7B642992ACF0001CA2B4 /* AlertToast */ = {
			isa = XCSwiftPackageProductDependency;
			package = EB1E7B632992ACEF001CA2B4 /* XCRemoteSwiftPackageReference "AlertToast" */;
			productName = AlertToast;
		};
/* End XCSwiftPackageProductDependency section */
	};
	rootObject = 657A08ED2976596900E5B565 /* Project object */;
}
